
Microsoft Visual Studio Solution File, Format Version 12.00
# Visual Studio 2013
VisualStudioVersion = 12.0.31101.0
MinimumVisualStudioVersion = 10.0.40219.1
Project("{FAE04EC0-301F-11D3-BF4B-00C04F79EFBC}") = "ShitChat", "ShitChat.csproj", "{35460AA4-B94A-4B64-9418-7243EC3D2F01}"
EndProject
Project("{FAE04EC0-301F-11D3-BF4B-00C04F79EFBC}") = "ShitChatCore", "ShitChatCore\ShitChatCore.csproj", "{3CFAB4E4-D093-4B6B-8329-EA38372E49EF}"
EndProject
Project("{FAE04EC0-301F-11D3-BF4B-00C04F79EFBC}") = "ShitChatCoreTest", "ShitChatCoreTest\ShitChatCoreTest.csproj", "{998B68A8-4EA4-44C0-BDE7-9661D76A4875}"
EndProject
Global
	GlobalSection(SolutionConfigurationPlatforms) = preSolution
		Debug|Any CPU = Debug|Any CPU
		Release|Any CPU = Release|Any CPU
	EndGlobalSection
	GlobalSection(ProjectConfigurationPlatforms) = postSolution
		{35460AA4-B94A-4B64-9418-7243EC3D2F01}.Debug|Any CPU.ActiveCfg = Debug|Any CPU
		{35460AA4-B94A-4B64-9418-7243EC3D2F01}.Debug|Any CPU.Build.0 = Debug|Any CPU
		{35460AA4-B94A-4B64-9418-7243EC3D2F01}.Release|Any CPU.ActiveCfg = Release|Any CPU
		{35460AA4-B94A-4B64-9418-7243EC3D2F01}.Release|Any CPU.Build.0 = Release|Any CPU
		{3CFAB4E4-D093-4B6B-8329-EA38372E49EF}.Debug|Any CPU.ActiveCfg = Debug|Any CPU
		{3CFAB4E4-D093-4B6B-8329-EA38372E49EF}.Debug|Any CPU.Build.0 = Debug|Any CPU
		{3CFAB4E4-D093-4B6B-8329-EA38372E49EF}.Release|Any CPU.ActiveCfg = Release|Any CPU
		{3CFAB4E4-D093-4B6B-8329-EA38372E49EF}.Release|Any CPU.Build.0 = Release|Any CPU
		{998B68A8-4EA4-44C0-BDE7-9661D76A4875}.Debug|Any CPU.ActiveCfg = Debug|Any CPU
		{998B68A8-4EA4-44C0-BDE7-9661D76A4875}.Debug|Any CPU.Build.0 = Debug|Any CPU
		{998B68A8-4EA4-44C0-BDE7-9661D76A4875}.Release|Any CPU.ActiveCfg = Release|Any CPU
		{998B68A8-4EA4-44C0-BDE7-9661D76A4875}.Release|Any CPU.Build.0 = Release|Any CPU
	EndGlobalSection
	GlobalSection(SolutionProperties) = preSolution
		HideSolutionNode = FALSE
	EndGlobalSection
EndGlobal
